{
  "dependencies": {
    "escodegen": {
      "version": "1.6.1",
      "dependencies": {
        "estraverse": {
          "version": "1.9.3"
        },
        "esutils": {
          "version": "1.1.6"
        },
        "esprima": {
          "version": "1.2.5"
        },
        "optionator": {
          "version": "0.5.0",
          "dependencies": {
            "prelude-ls": {
              "version": "1.1.1"
            },
            "deep-is": {
              "version": "0.1.3"
            },
            "wordwrap": {
              "version": "0.0.2"
            },
            "type-check": {
              "version": "0.3.1"
            },
            "levn": {
              "version": "0.2.5"
            },
            "fast-levenshtein": {
              "version": "1.0.6"
            }
          }
        },
        "source-map": {
          "version": "0.1.43",
          "dependencies": {
            "amdefine": {
              "version": "0.1.0"
            }
          }
        }
      }
    },
    "esprima": {
      "version": "2.2.0"
    },
    "esprima-walk": {
      "version": "0.1.0"
    },
    "gauss": {
      "version": "0.2.12"
    },
    "react-autosuggest": {
      "version": "1.12.2",
      "dependencies": {
        "classnames": {
          "version": "2.1.1"
        },
        "debounce": {
          "version": "1.0.0",
          "dependencies": {
            "date-now": {
              "version": "1.0.1"
            }
          }
        },
        "react": {
          "version": "0.13.3",
          "dependencies": {
            "envify": {
              "version": "3.4.0",
              "dependencies": {
                "through": {
                  "version": "2.3.7"
                },
                "jstransform": {
                  "version": "10.1.0",
                  "dependencies": {
                    "base62": {
                      "version": "0.1.1"
                    },
                    "esprima-fb": {
                      "version": "13001.1001.0-dev-harmony-fb"
                    },
                    "source-map": {
                      "version": "0.1.31",
                      "dependencies": {
                        "amdefine": {
                          "version": "0.1.0"
                        }
                      }
                    }
                  }
                }
              }
            }
          }
        }
      }
    }
  }
}
